
Microsoft Visual Studio Solution File, Format Version 12.00
# Visual Studio 14
VisualStudioVersion = 14.0.24720.0
MinimumVisualStudioVersion = 10.0.40219.1
Project("{FAE04EC0-301F-11D3-BF4B-00C04F79EFBC}") = "ShirtlessAPI", "ShirtlessAPI\ShirtlessAPI.csproj", "{D08B2E21-EF6C-452B-BF5F-DD13AFC70A0A}"
EndProject
Project("{FAE04EC0-301F-11D3-BF4B-00C04F79EFBC}") = "ShirtlessAPI.Data", "ShirtlessAPI.Data\ShirtlessAPI.Data.csproj", "{2AD27C4B-DBB1-469D-B560-5528AD44B8F2}"
EndProject
Global
	GlobalSection(SolutionConfigurationPlatforms) = preSolution
		Debug|Any CPU = Debug|Any CPU
		Release|Any CPU = Release|Any CPU
	EndGlobalSection
	GlobalSection(ProjectConfigurationPlatforms) = postSolution
		{D08B2E21-EF6C-452B-BF5F-DD13AFC70A0A}.Debug|Any CPU.ActiveCfg = Debug|Any CPU
		{D08B2E21-EF6C-452B-BF5F-DD13AFC70A0A}.Debug|Any CPU.Build.0 = Debug|Any CPU
		{D08B2E21-EF6C-452B-BF5F-DD13AFC70A0A}.Release|Any CPU.ActiveCfg = Release|Any CPU
		{D08B2E21-EF6C-452B-BF5F-DD13AFC70A0A}.Release|Any CPU.Build.0 = Release|Any CPU
		{2AD27C4B-DBB1-469D-B560-5528AD44B8F2}.Debug|Any CPU.ActiveCfg = Debug|Any CPU
		{2AD27C4B-DBB1-469D-B560-5528AD44B8F2}.Debug|Any CPU.Build.0 = Debug|Any CPU
		{2AD27C4B-DBB1-469D-B560-5528AD44B8F2}.Release|Any CPU.ActiveCfg = Release|Any CPU
		{2AD27C4B-DBB1-469D-B560-5528AD44B8F2}.Release|Any CPU.Build.0 = Release|Any CPU
	EndGlobalSection
	GlobalSection(SolutionProperties) = preSolution
		HideSolutionNode = FALSE
	EndGlobalSection
EndGlobal
